
Microsoft Visual Studio Solution File, Format Version 12.00
# Visual Studio Version 17
VisualStudioVersion = 17.4.33122.133
MinimumVisualStudioVersion = 10.0.40219.1
Project("{FAE04EC0-301F-11D3-BF4B-00C04F79EFBC}") = "L12", "L12\L12.csproj", "{3C99B95E-3F6A-4771-A578-D48F0771724E}"
EndProject
Global
	GlobalSection(SolutionConfigurationPlatforms) = preSolution
		Debug|Any CPU = Debug|Any CPU
		Release|Any CPU = Release|Any CPU
	EndGlobalSection
	GlobalSection(ProjectConfigurationPlatforms) = postSolution
		{3C99B95E-3F6A-4771-A578-D48F0771724E}.Debug|Any CPU.ActiveCfg = Debug|Any CPU
		{3C99B95E-3F6A-4771-A578-D48F0771724E}.Debug|Any CPU.Build.0 = Debug|Any CPU
		{3C99B95E-3F6A-4771-A578-D48F0771724E}.Release|Any CPU.ActiveCfg = Release|Any CPU
		{3C99B95E-3F6A-4771-A578-D48F0771724E}.Release|Any CPU.Build.0 = Release|Any CPU
	EndGlobalSection
	GlobalSection(SolutionProperties) = preSolution
		HideSolutionNode = FALSE
	EndGlobalSection
	GlobalSection(ExtensibilityGlobals) = postSolution
		SolutionGuid = {11232A35-7156-44D8-A3EB-B69D97770A06}
	EndGlobalSection
EndGlobal
